
Microsoft Visual Studio Solution File, Format Version 12.00
# Visual Studio 15
VisualStudioVersion = 15.0.27130.2036
MinimumVisualStudioVersion = 10.0.40219.1
Project("{FAE04EC0-301F-11D3-BF4B-00C04F79EFBC}") = "MolvenoLakeResort", "MolvenoLakeResort\MolvenoLakeResort.csproj", "{D6DFB1E1-A2CD-4A1A-914B-926EDF27A215}"
EndProject
Project("{9A19103F-16F7-4668-BE54-9A1E7A4F7556}") = "MolvenoLakeResort.Library", "MolvenoLakeResort.Library\MolvenoLakeResort.Library.csproj", "{5CAC21DE-B74E-414E-9802-69DB79DFC82B}"
EndProject
Project("{FAE04EC0-301F-11D3-BF4B-00C04F79EFBC}") = "MolvenoLakeResort.Data", "MolvenoLakeResort.Data\MolvenoLakeResort.Data.csproj", "{E76ACF8A-466F-4307-9871-A36EE63EAFF0}"
EndProject
Project("{FAE04EC0-301F-11D3-BF4B-00C04F79EFBC}") = "MolvenoLakeResort.Library.Authentication", "MolvenoLakeResort.Library.Authentication\MolvenoLakeResort.Library.Authentication.csproj", "{5872E124-4B5D-48FC-8B76-9712B1537332}"
EndProject
Project("{FAE04EC0-301F-11D3-BF4B-00C04F79EFBC}") = "MolvenoLakeResort.Data.Items", "MolvenoLakeResort.Data.Items\MolvenoLakeResort.Data.Items.csproj", "{2D1CF355-C4A7-4DF4-B14A-8917EEE41B28}"
EndProject
Project("{FAE04EC0-301F-11D3-BF4B-00C04F79EFBC}") = "MolvenoLakeResort.Data.Service", "MolvenoLakeResort.Data.Service\MolvenoLakeResort.Data.Service.csproj", "{1D6F65AE-8F11-428B-A112-955F268EF08F}"
EndProject
Global
	GlobalSection(SolutionConfigurationPlatforms) = preSolution
		Debug|Any CPU = Debug|Any CPU
		Release|Any CPU = Release|Any CPU
	EndGlobalSection
	GlobalSection(ProjectConfigurationPlatforms) = postSolution
		{D6DFB1E1-A2CD-4A1A-914B-926EDF27A215}.Debug|Any CPU.ActiveCfg = Debug|Any CPU
		{D6DFB1E1-A2CD-4A1A-914B-926EDF27A215}.Debug|Any CPU.Build.0 = Debug|Any CPU
		{D6DFB1E1-A2CD-4A1A-914B-926EDF27A215}.Release|Any CPU.ActiveCfg = Release|Any CPU
		{D6DFB1E1-A2CD-4A1A-914B-926EDF27A215}.Release|Any CPU.Build.0 = Release|Any CPU
		{5CAC21DE-B74E-414E-9802-69DB79DFC82B}.Debug|Any CPU.ActiveCfg = Debug|Any CPU
		{5CAC21DE-B74E-414E-9802-69DB79DFC82B}.Debug|Any CPU.Build.0 = Debug|Any CPU
		{5CAC21DE-B74E-414E-9802-69DB79DFC82B}.Release|Any CPU.ActiveCfg = Release|Any CPU
		{5CAC21DE-B74E-414E-9802-69DB79DFC82B}.Release|Any CPU.Build.0 = Release|Any CPU
		{E76ACF8A-466F-4307-9871-A36EE63EAFF0}.Debug|Any CPU.ActiveCfg = Debug|Any CPU
		{E76ACF8A-466F-4307-9871-A36EE63EAFF0}.Debug|Any CPU.Build.0 = Debug|Any CPU
		{E76ACF8A-466F-4307-9871-A36EE63EAFF0}.Release|Any CPU.ActiveCfg = Release|Any CPU
		{E76ACF8A-466F-4307-9871-A36EE63EAFF0}.Release|Any CPU.Build.0 = Release|Any CPU
		{5872E124-4B5D-48FC-8B76-9712B1537332}.Debug|Any CPU.ActiveCfg = Debug|Any CPU
		{5872E124-4B5D-48FC-8B76-9712B1537332}.Debug|Any CPU.Build.0 = Debug|Any CPU
		{5872E124-4B5D-48FC-8B76-9712B1537332}.Release|Any CPU.ActiveCfg = Release|Any CPU
		{5872E124-4B5D-48FC-8B76-9712B1537332}.Release|Any CPU.Build.0 = Release|Any CPU
		{2D1CF355-C4A7-4DF4-B14A-8917EEE41B28}.Debug|Any CPU.ActiveCfg = Debug|Any CPU
		{2D1CF355-C4A7-4DF4-B14A-8917EEE41B28}.Debug|Any CPU.Build.0 = Debug|Any CPU
		{2D1CF355-C4A7-4DF4-B14A-8917EEE41B28}.Release|Any CPU.ActiveCfg = Release|Any CPU
		{2D1CF355-C4A7-4DF4-B14A-8917EEE41B28}.Release|Any CPU.Build.0 = Release|Any CPU
		{1D6F65AE-8F11-428B-A112-955F268EF08F}.Debug|Any CPU.ActiveCfg = Debug|Any CPU
		{1D6F65AE-8F11-428B-A112-955F268EF08F}.Debug|Any CPU.Build.0 = Debug|Any CPU
		{1D6F65AE-8F11-428B-A112-955F268EF08F}.Release|Any CPU.ActiveCfg = Release|Any CPU
		{1D6F65AE-8F11-428B-A112-955F268EF08F}.Release|Any CPU.Build.0 = Release|Any CPU
	EndGlobalSection
	GlobalSection(SolutionProperties) = preSolution
		HideSolutionNode = FALSE
	EndGlobalSection
	GlobalSection(ExtensibilityGlobals) = postSolution
		SolutionGuid = {3FF9CF83-238A-4522-A1AC-85FAF6B91476}
	EndGlobalSection
EndGlobal
